// !$*UTF8*$!
{
	archiveVersion = 1;
	classes = {
	};
	objectVersion = 46;
	objects = {

/* Begin PBXBuildFile section */
		84235C861DDC4CEF00337939 /* SearchHistory.m in Sources */ = {isa = PBXBuildFile; fileRef = 84235C831DDC4CEF00337939 /* SearchHistory.m */; };
		84235C871DDC4CEF00337939 /* SearchHistory+CoreDataProperties.m in Sources */ = {isa = PBXBuildFile; fileRef = 84235C851DDC4CEF00337939 /* SearchHistory+CoreDataProperties.m */; };
		84262E3F1DE4322400B968DE /* TaskWithBlocks.m in Sources */ = {isa = PBXBuildFile; fileRef = 84262E3E1DE4322400B968DE /* TaskWithBlocks.m */; };
		84262E481DE4593300B968DE /* SystemConfiguration.framework in Frameworks */ = {isa = PBXBuildFile; fileRef = 84262E471DE4593300B968DE /* SystemConfiguration.framework */; };
		84262E4C1DE459F200B968DE /* Reachability.m in Sources */ = {isa = PBXBuildFile; fileRef = 84262E4B1DE459F200B968DE /* Reachability.m */; };
		8436F53F1DDB78B500BB65C4 /* DataDownloadCoreData.m in Sources */ = {isa = PBXBuildFile; fileRef = 8436F53C1DDB78B500BB65C4 /* DataDownloadCoreData.m */; };
		8436F5401DDB78B500BB65C4 /* DataDownloadCoreData+CoreDataProperties.m in Sources */ = {isa = PBXBuildFile; fileRef = 8436F53E1DDB78B500BB65C4 /* DataDownloadCoreData+CoreDataProperties.m */; };
		843FF8AF1DDAF854008B8B27 /* DataDownload.m in Sources */ = {isa = PBXBuildFile; fileRef = 843FF8AE1DDAF854008B8B27 /* DataDownload.m */; };
		84721E121DCC6F2E00014F87 /* main.m in Sources */ = {isa = PBXBuildFile; fileRef = 84721E111DCC6F2E00014F87 /* main.m */; };
		84721E151DCC6F2E00014F87 /* AppDelegate.m in Sources */ = {isa = PBXBuildFile; fileRef = 84721E141DCC6F2E00014F87 /* AppDelegate.m */; };
		84721E181DCC6F2E00014F87 /* ViewController.m in Sources */ = {isa = PBXBuildFile; fileRef = 84721E171DCC6F2E00014F87 /* ViewController.m */; };
		84721E1B1DCC6F2E00014F87 /* Main.storyboard in Resources */ = {isa = PBXBuildFile; fileRef = 84721E191DCC6F2E00014F87 /* Main.storyboard */; };
		84721E1D1DCC6F2E00014F87 /* Assets.xcassets in Resources */ = {isa = PBXBuildFile; fileRef = 84721E1C1DCC6F2E00014F87 /* Assets.xcassets */; };
		84721E201DCC6F2E00014F87 /* LaunchScreen.storyboard in Resources */ = {isa = PBXBuildFile; fileRef = 84721E1E1DCC6F2E00014F87 /* LaunchScreen.storyboard */; };
		84721E291DCC70FD00014F87 /* DownloadManager.m in Sources */ = {isa = PBXBuildFile; fileRef = 84721E281DCC70FD00014F87 /* DownloadManager.m */; };
		84721E341DCCB6DB00014F87 /* DownloadCell.m in Sources */ = {isa = PBXBuildFile; fileRef = 84721E331DCCB6DB00014F87 /* DownloadCell.m */; };
		847A5B1A1DDC8A9500A4063E /* UIScrollView+EmptyDataSet.m in Sources */ = {isa = PBXBuildFile; fileRef = 847A5B191DDC8A9500A4063E /* UIScrollView+EmptyDataSet.m */; };
		847A5B261DDC8FF500A4063E /* emptyPlaceholder.png in Resources */ = {isa = PBXBuildFile; fileRef = 847A5B251DDC8FF500A4063E /* emptyPlaceholder.png */; };
		849E0BCF1DDDDB310093F7C2 /* pdf.png in Resources */ = {isa = PBXBuildFile; fileRef = 849E0BCE1DDDDB310093F7C2 /* pdf.png */; };
		84AD607F1DD9D68A00D8C912 /* Model.xcdatamodeld in Sources */ = {isa = PBXBuildFile; fileRef = 84AD607D1DD9D68A00D8C912 /* Model.xcdatamodeld */; };
		84AD60961DD9DFA500D8C912 /* CoreDataManager.m in Sources */ = {isa = PBXBuildFile; fileRef = 84AD60951DD9DFA500D8C912 /* CoreDataManager.m */; };
		84B855621DD06B0B00F2E5D3 /* GoogleSearchPDF.m in Sources */ = {isa = PBXBuildFile; fileRef = 84B855611DD06B0B00F2E5D3 /* GoogleSearchPDF.m */; };
		84F47E4B1DE2FA6A0081064E /* pause.png in Resources */ = {isa = PBXBuildFile; fileRef = 84F47E4A1DE2FA6A0081064E /* pause.png */; };
/* End PBXBuildFile section */

/* Begin PBXFileReference section */
		84235C821DDC4CEF00337939 /* SearchHistory.h */ = {isa = PBXFileReference; fileEncoding = 4; lastKnownFileType = sourcecode.c.h; path = SearchHistory.h; sourceTree = "<group>"; };
		84235C831DDC4CEF00337939 /* SearchHistory.m */ = {isa = PBXFileReference; fileEncoding = 4; lastKnownFileType = sourcecode.c.objc; path = SearchHistory.m; sourceTree = "<group>"; };
		84235C841DDC4CEF00337939 /* SearchHistory+CoreDataProperties.h */ = {isa = PBXFileReference; fileEncoding = 4; lastKnownFileType = sourcecode.c.h; path = "SearchHistory+CoreDataProperties.h"; sourceTree = "<group>"; };
		84235C851DDC4CEF00337939 /* SearchHistory+CoreDataProperties.m */ = {isa = PBXFileReference; fileEncoding = 4; lastKnownFileType = sourcecode.c.objc; path = "SearchHistory+CoreDataProperties.m"; sourceTree = "<group>"; };
		84262E3D1DE4322400B968DE /* TaskWithBlocks.h */ = {isa = PBXFileReference; fileEncoding = 4; lastKnownFileType = sourcecode.c.h; path = TaskWithBlocks.h; sourceTree = "<group>"; };
		84262E3E1DE4322400B968DE /* TaskWithBlocks.m */ = {isa = PBXFileReference; fileEncoding = 4; lastKnownFileType = sourcecode.c.objc; path = TaskWithBlocks.m; sourceTree = "<group>"; };
		84262E471DE4593300B968DE /* SystemConfiguration.framework */ = {isa = PBXFileReference; lastKnownFileType = wrapper.framework; name = SystemConfiguration.framework; path = System/Library/Frameworks/SystemConfiguration.framework; sourceTree = SDKROOT; };
		84262E4A1DE459F200B968DE /* Reachability.h */ = {isa = PBXFileReference; fileEncoding = 4; lastKnownFileType = sourcecode.c.h; path = Reachability.h; sourceTree = "<group>"; };
		84262E4B1DE459F200B968DE /* Reachability.m */ = {isa = PBXFileReference; fileEncoding = 4; lastKnownFileType = sourcecode.c.objc; path = Reachability.m; sourceTree = "<group>"; };
		8436F53B1DDB78B500BB65C4 /* DataDownloadCoreData.h */ = {isa = PBXFileReference; fileEncoding = 4; lastKnownFileType = sourcecode.c.h; path = DataDownloadCoreData.h; sourceTree = "<group>"; };
		8436F53C1DDB78B500BB65C4 /* DataDownloadCoreData.m */ = {isa = PBXFileReference; fileEncoding = 4; lastKnownFileType = sourcecode.c.objc; path = DataDownloadCoreData.m; sourceTree = "<group>"; };
		8436F53D1DDB78B500BB65C4 /* DataDownloadCoreData+CoreDataProperties.h */ = {isa = PBXFileReference; fileEncoding = 4; lastKnownFileType = sourcecode.c.h; path = "DataDownloadCoreData+CoreDataProperties.h"; sourceTree = "<group>"; };
		8436F53E1DDB78B500BB65C4 /* DataDownloadCoreData+CoreDataProperties.m */ = {isa = PBXFileReference; fileEncoding = 4; lastKnownFileType = sourcecode.c.objc; path = "DataDownloadCoreData+CoreDataProperties.m"; sourceTree = "<group>"; };
		843FF8AD1DDAF854008B8B27 /* DataDownload.h */ = {isa = PBXFileReference; fileEncoding = 4; lastKnownFileType = sourcecode.c.h; path = DataDownload.h; sourceTree = "<group>"; };
		843FF8AE1DDAF854008B8B27 /* DataDownload.m */ = {isa = PBXFileReference; fileEncoding = 4; lastKnownFileType = sourcecode.c.objc; path = DataDownload.m; sourceTree = "<group>"; };
		84721E0D1DCC6F2E00014F87 /* MegaDownloadManager.app */ = {isa = PBXFileReference; explicitFileType = wrapper.application; includeInIndex = 0; path = MegaDownloadManager.app; sourceTree = BUILT_PRODUCTS_DIR; };
		84721E111DCC6F2E00014F87 /* main.m */ = {isa = PBXFileReference; lastKnownFileType = sourcecode.c.objc; path = main.m; sourceTree = "<group>"; };
		84721E131DCC6F2E00014F87 /* AppDelegate.h */ = {isa = PBXFileReference; lastKnownFileType = sourcecode.c.h; path = AppDelegate.h; sourceTree = "<group>"; };
		84721E141DCC6F2E00014F87 /* AppDelegate.m */ = {isa = PBXFileReference; lastKnownFileType = sourcecode.c.objc; path = AppDelegate.m; sourceTree = "<group>"; };
		84721E161DCC6F2E00014F87 /* ViewController.h */ = {isa = PBXFileReference; lastKnownFileType = sourcecode.c.h; name = ViewController.h; path = MegaDownloadManager/ViewController.h; sourceTree = "<group>"; };
		84721E171DCC6F2E00014F87 /* ViewController.m */ = {isa = PBXFileReference; lastKnownFileType = sourcecode.c.objc; name = ViewController.m; path = MegaDownloadManager/ViewController.m; sourceTree = "<group>"; };
		84721E1A1DCC6F2E00014F87 /* Base */ = {isa = PBXFileReference; lastKnownFileType = file.storyboard; name = Base; path = Base.lproj/Main.storyboard; sourceTree = "<group>"; };
		84721E1C1DCC6F2E00014F87 /* Assets.xcassets */ = {isa = PBXFileReference; lastKnownFileType = folder.assetcatalog; path = Assets.xcassets; sourceTree = "<group>"; };
		84721E1F1DCC6F2E00014F87 /* Base */ = {isa = PBXFileReference; lastKnownFileType = file.storyboard; name = Base; path = Base.lproj/LaunchScreen.storyboard; sourceTree = "<group>"; };
		84721E211DCC6F2E00014F87 /* Info.plist */ = {isa = PBXFileReference; lastKnownFileType = text.plist.xml; path = Info.plist; sourceTree = "<group>"; };
		84721E271DCC70FD00014F87 /* DownloadManager.h */ = {isa = PBXFileReference; fileEncoding = 4; lastKnownFileType = sourcecode.c.h; name = DownloadManager.h; path = ../DownloadManager.h; sourceTree = "<group>"; };
		84721E281DCC70FD00014F87 /* DownloadManager.m */ = {isa = PBXFileReference; fileEncoding = 4; lastKnownFileType = sourcecode.c.objc; name = DownloadManager.m; path = ../DownloadManager.m; sourceTree = "<group>"; };
		84721E321DCCB6DB00014F87 /* DownloadCell.h */ = {isa = PBXFileReference; fileEncoding = 4; lastKnownFileType = sourcecode.c.h; name = DownloadCell.h; path = ../DownloadCell.h; sourceTree = "<group>"; };
		84721E331DCCB6DB00014F87 /* DownloadCell.m */ = {isa = PBXFileReference; fileEncoding = 4; lastKnownFileType = sourcecode.c.objc; name = DownloadCell.m; path = ../DownloadCell.m; sourceTree = "<group>"; };
		847A5B181DDC8A9500A4063E /* UIScrollView+EmptyDataSet.h */ = {isa = PBXFileReference; fileEncoding = 4; lastKnownFileType = sourcecode.c.h; path = "UIScrollView+EmptyDataSet.h"; sourceTree = "<group>"; };
		847A5B191DDC8A9500A4063E /* UIScrollView+EmptyDataSet.m */ = {isa = PBXFileReference; fileEncoding = 4; lastKnownFileType = sourcecode.c.objc; path = "UIScrollView+EmptyDataSet.m"; sourceTree = "<group>"; };
		847A5B251DDC8FF500A4063E /* emptyPlaceholder.png */ = {isa = PBXFileReference; lastKnownFileType = image.png; path = emptyPlaceholder.png; sourceTree = "<group>"; };
		849E0BCE1DDDDB310093F7C2 /* pdf.png */ = {isa = PBXFileReference; lastKnownFileType = image.png; path = pdf.png; sourceTree = "<group>"; };
		84AD607E1DD9D68A00D8C912 /* Model.xcdatamodel */ = {isa = PBXFileReference; lastKnownFileType = wrapper.xcdatamodel; path = Model.xcdatamodel; sourceTree = "<group>"; };
		84AD60851DD9D87900D8C912 /* MegaDownloadManager-Bridging-Header.h */ = {isa = PBXFileReference; lastKnownFileType = sourcecode.c.h; path = "MegaDownloadManager-Bridging-Header.h"; sourceTree = "<group>"; };
		84AD60941DD9DFA500D8C912 /* CoreDataManager.h */ = {isa = PBXFileReference; fileEncoding = 4; lastKnownFileType = sourcecode.c.h; name = CoreDataManager.h; path = ../CoreDataManager.h; sourceTree = "<group>"; };
		84AD60951DD9DFA500D8C912 /* CoreDataManager.m */ = {isa = PBXFileReference; fileEncoding = 4; lastKnownFileType = sourcecode.c.objc; name = CoreDataManager.m; path = ../CoreDataManager.m; sourceTree = "<group>"; };
		84B855601DD06B0B00F2E5D3 /* GoogleSearchPDF.h */ = {isa = PBXFileReference; fileEncoding = 4; lastKnownFileType = sourcecode.c.h; name = GoogleSearchPDF.h; path = ../GoogleSearchPDF.h; sourceTree = "<group>"; };
		84B855611DD06B0B00F2E5D3 /* GoogleSearchPDF.m */ = {isa = PBXFileReference; fileEncoding = 4; lastKnownFileType = sourcecode.c.objc; name = GoogleSearchPDF.m; path = ../GoogleSearchPDF.m; sourceTree = "<group>"; };
		84F47E4A1DE2FA6A0081064E /* pause.png */ = {isa = PBXFileReference; lastKnownFileType = image.png; path = pause.png; sourceTree = "<group>"; };
/* End PBXFileReference section */

/* Begin PBXFrameworksBuildPhase section */
		84721E0A1DCC6F2E00014F87 /* Frameworks */ = {
			isa = PBXFrameworksBuildPhase;
			buildActionMask = 2147483647;
			files = (
				84262E481DE4593300B968DE /* SystemConfiguration.framework in Frameworks */,
			);
			runOnlyForDeploymentPostprocessing = 0;
		};
/* End PBXFrameworksBuildPhase section */

/* Begin PBXGroup section */
		84262E461DE4593300B968DE /* Frameworks */ = {
			isa = PBXGroup;
			children = (
				84262E471DE4593300B968DE /* SystemConfiguration.framework */,
			);
			name = Frameworks;
			sourceTree = "<group>";
		};
		84262E491DE459DA00B968DE /* libs */ = {
			isa = PBXGroup;
			children = (
				84262E4A1DE459F200B968DE /* Reachability.h */,
				84262E4B1DE459F200B968DE /* Reachability.m */,
				847A5B181DDC8A9500A4063E /* UIScrollView+EmptyDataSet.h */,
				847A5B191DDC8A9500A4063E /* UIScrollView+EmptyDataSet.m */,
			);
			name = libs;
			sourceTree = "<group>";
		};
		84721E041DCC6F2E00014F87 = {
			isa = PBXGroup;
			children = (
				84721E0F1DCC6F2E00014F87 /* MegaDownloadManager */,
				84721E0E1DCC6F2E00014F87 /* Products */,
				84AD60851DD9D87900D8C912 /* MegaDownloadManager-Bridging-Header.h */,
				84262E461DE4593300B968DE /* Frameworks */,
			);
			sourceTree = "<group>";
		};
		84721E0E1DCC6F2E00014F87 /* Products */ = {
			isa = PBXGroup;
			children = (
				84721E0D1DCC6F2E00014F87 /* MegaDownloadManager.app */,
			);
			name = Products;
			sourceTree = "<group>";
		};
		84721E0F1DCC6F2E00014F87 /* MegaDownloadManager */ = {
			isa = PBXGroup;
			children = (
				84262E491DE459DA00B968DE /* libs */,
				84AD60801DD9D69200D8C912 /* CoreData & Model */,
				84B855631DD0818600F2E5D3 /* Managers */,
				84721E391DCCBBAC00014F87 /* Controller */,
				84721E321DCCB6DB00014F87 /* DownloadCell.h */,
				84721E331DCCB6DB00014F87 /* DownloadCell.m */,
				84721E131DCC6F2E00014F87 /* AppDelegate.h */,
				84721E141DCC6F2E00014F87 /* AppDelegate.m */,
				84721E191DCC6F2E00014F87 /* Main.storyboard */,
				84721E1C1DCC6F2E00014F87 /* Assets.xcassets */,
				84721E1E1DCC6F2E00014F87 /* LaunchScreen.storyboard */,
				84721E211DCC6F2E00014F87 /* Info.plist */,
				84721E101DCC6F2E00014F87 /* Supporting Files */,
			);
			path = MegaDownloadManager;
			sourceTree = "<group>";
		};
		84721E101DCC6F2E00014F87 /* Supporting Files */ = {
			isa = PBXGroup;
			children = (
				84F47E4A1DE2FA6A0081064E /* pause.png */,
				847A5B251DDC8FF500A4063E /* emptyPlaceholder.png */,
				849E0BCE1DDDDB310093F7C2 /* pdf.png */,
				84721E111DCC6F2E00014F87 /* main.m */,
			);
			name = "Supporting Files";
			sourceTree = "<group>";
		};
		84721E391DCCBBAC00014F87 /* Controller */ = {
			isa = PBXGroup;
			children = (
				84721E161DCC6F2E00014F87 /* ViewController.h */,
				84721E171DCC6F2E00014F87 /* ViewController.m */,
			);
			name = Controller;
			path = ..;
			sourceTree = "<group>";
		};
		84AD60801DD9D69200D8C912 /* CoreData & Model */ = {
			isa = PBXGroup;
			children = (
				84AD607D1DD9D68A00D8C912 /* Model.xcdatamodeld */,
				84235C821DDC4CEF00337939 /* SearchHistory.h */,
				84235C831DDC4CEF00337939 /* SearchHistory.m */,
				84235C841DDC4CEF00337939 /* SearchHistory+CoreDataProperties.h */,
				84235C851DDC4CEF00337939 /* SearchHistory+CoreDataProperties.m */,
				8436F53B1DDB78B500BB65C4 /* DataDownloadCoreData.h */,
				8436F53C1DDB78B500BB65C4 /* DataDownloadCoreData.m */,
				8436F53D1DDB78B500BB65C4 /* DataDownloadCoreData+CoreDataProperties.h */,
				8436F53E1DDB78B500BB65C4 /* DataDownloadCoreData+CoreDataProperties.m */,
				843FF8AD1DDAF854008B8B27 /* DataDownload.h */,
				843FF8AE1DDAF854008B8B27 /* DataDownload.m */,
				84262E3D1DE4322400B968DE /* TaskWithBlocks.h */,
				84262E3E1DE4322400B968DE /* TaskWithBlocks.m */,
			);
			name = "CoreData & Model";
			path = ..;
			sourceTree = "<group>";
		};
		84B855631DD0818600F2E5D3 /* Managers */ = {
			isa = PBXGroup;
			children = (
				84B855601DD06B0B00F2E5D3 /* GoogleSearchPDF.h */,
				84B855611DD06B0B00F2E5D3 /* GoogleSearchPDF.m */,
				84721E271DCC70FD00014F87 /* DownloadManager.h */,
				84721E281DCC70FD00014F87 /* DownloadManager.m */,
				84AD60941DD9DFA500D8C912 /* CoreDataManager.h */,
				84AD60951DD9DFA500D8C912 /* CoreDataManager.m */,
			);
			name = Managers;
			sourceTree = "<group>";
		};
/* End PBXGroup section */

/* Begin PBXNativeTarget section */
		84721E0C1DCC6F2E00014F87 /* MegaDownloadManager */ = {
			isa = PBXNativeTarget;
			buildConfigurationList = 84721E241DCC6F2E00014F87 /* Build configuration list for PBXNativeTarget "MegaDownloadManager" */;
			buildPhases = (
				84721E091DCC6F2E00014F87 /* Sources */,
				84721E0A1DCC6F2E00014F87 /* Frameworks */,
				84721E0B1DCC6F2E00014F87 /* Resources */,
			);
			buildRules = (
			);
			dependencies = (
			);
			name = MegaDownloadManager;
			productName = MegaDownloadManager;
			productReference = 84721E0D1DCC6F2E00014F87 /* MegaDownloadManager.app */;
			productType = "com.apple.product-type.application";
		};
/* End PBXNativeTarget section */

/* Begin PBXProject section */
		84721E051DCC6F2E00014F87 /* Project object */ = {
			isa = PBXProject;
			attributes = {
				LastUpgradeCheck = 0800;
				ORGANIZATIONNAME = admin;
				TargetAttributes = {
					84721E0C1DCC6F2E00014F87 = {
						CreatedOnToolsVersion = 8.0;
						DevelopmentTeam = LE3554D3R2;
						LastSwiftMigration = 0800;
						ProvisioningStyle = Automatic;
					};
				};
			};
			buildConfigurationList = 84721E081DCC6F2E00014F87 /* Build configuration list for PBXProject "MegaDownloadManager" */;
			compatibilityVersion = "Xcode 3.2";
			developmentRegion = English;
			hasScannedForEncodings = 0;
			knownRegions = (
				en,
				Base,
			);
			mainGroup = 84721E041DCC6F2E00014F87;
			productRefGroup = 84721E0E1DCC6F2E00014F87 /* Products */;
			projectDirPath = "";
			projectRoot = "";
			targets = (
				84721E0C1DCC6F2E00014F87 /* MegaDownloadManager */,
			);
		};
/* End PBXProject section */

/* Begin PBXResourcesBuildPhase section */
		84721E0B1DCC6F2E00014F87 /* Resources */ = {
			isa = PBXResourcesBuildPhase;
			buildActionMask = 2147483647;
			files = (
				84721E201DCC6F2E00014F87 /* LaunchScreen.storyboard in Resources */,
				84721E1D1DCC6F2E00014F87 /* Assets.xcassets in Resources */,
				84721E1B1DCC6F2E00014F87 /* Main.storyboard in Resources */,
				847A5B261DDC8FF500A4063E /* emptyPlaceholder.png in Resources */,
				84F47E4B1DE2FA6A0081064E /* pause.png in Resources */,
				849E0BCF1DDDDB310093F7C2 /* pdf.png in Resources */,
			);
			runOnlyForDeploymentPostprocessing = 0;
		};
/* End PBXResourcesBuildPhase section */

/* Begin PBXSourcesBuildPhase section */
		84721E091DCC6F2E00014F87 /* Sources */ = {
			isa = PBXSourcesBuildPhase;
			buildActionMask = 2147483647;
			files = (
				84235C861DDC4CEF00337939 /* SearchHistory.m in Sources */,
				84721E181DCC6F2E00014F87 /* ViewController.m in Sources */,
				84AD60961DD9DFA500D8C912 /* CoreDataManager.m in Sources */,
				843FF8AF1DDAF854008B8B27 /* DataDownload.m in Sources */,
				84721E151DCC6F2E00014F87 /* AppDelegate.m in Sources */,
				84721E121DCC6F2E00014F87 /* main.m in Sources */,
				847A5B1A1DDC8A9500A4063E /* UIScrollView+EmptyDataSet.m in Sources */,
				84AD607F1DD9D68A00D8C912 /* Model.xcdatamodeld in Sources */,
				84B855621DD06B0B00F2E5D3 /* GoogleSearchPDF.m in Sources */,
				8436F53F1DDB78B500BB65C4 /* DataDownloadCoreData.m in Sources */,
				84262E4C1DE459F200B968DE /* Reachability.m in Sources */,
				84721E291DCC70FD00014F87 /* DownloadManager.m in Sources */,
				8436F5401DDB78B500BB65C4 /* DataDownloadCoreData+CoreDataProperties.m in Sources */,
				84235C871DDC4CEF00337939 /* SearchHistory+CoreDataProperties.m in Sources */,
				84721E341DCCB6DB00014F87 /* DownloadCell.m in Sources */,
				84262E3F1DE4322400B968DE /* TaskWithBlocks.m in Sources */,
			);
			runOnlyForDeploymentPostprocessing = 0;
		};
/* End PBXSourcesBuildPhase section */

/* Begin PBXVariantGroup section */
		84721E191DCC6F2E00014F87 /* Main.storyboard */ = {
			isa = PBXVariantGroup;
			children = (
				84721E1A1DCC6F2E00014F87 /* Base */,
			);
			name = Main.storyboard;
			sourceTree = "<group>";
		};
		84721E1E1DCC6F2E00014F87 /* LaunchScreen.storyboard */ = {
			isa = PBXVariantGroup;
			children = (
				84721E1F1DCC6F2E00014F87 /* Base */,
			);
			name = LaunchScreen.storyboard;
			sourceTree = "<group>";
		};
/* End PBXVariantGroup section */

/* Begin XCBuildConfiguration section */
		84721E221DCC6F2E00014F87 /* Debug */ = {
			isa = XCBuildConfiguration;
			buildSettings = {
				ALWAYS_SEARCH_USER_PATHS = NO;
				CLANG_ANALYZER_NONNULL = YES;
				CLANG_CXX_LANGUAGE_STANDARD = "gnu++0x";
				CLANG_CXX_LIBRARY = "libc++";
				CLANG_ENABLE_MODULES = YES;
				CLANG_ENABLE_OBJC_ARC = YES;
				CLANG_WARN_BOOL_CONVERSION = YES;
				CLANG_WARN_CONSTANT_CONVERSION = YES;
				CLANG_WARN_DIRECT_OBJC_ISA_USAGE = YES_ERROR;
				CLANG_WARN_DOCUMENTATION_COMMENTS = YES;
				CLANG_WARN_EMPTY_BODY = YES;
				CLANG_WARN_ENUM_CONVERSION = YES;
				CLANG_WARN_INFINITE_RECURSION = YES;
				CLANG_WARN_INT_CONVERSION = YES;
				CLANG_WARN_OBJC_ROOT_CLASS = YES_ERROR;
				CLANG_WARN_SUSPICIOUS_MOVES = YES;
				CLANG_WARN_UNREACHABLE_CODE = YES;
				CLANG_WARN__DUPLICATE_METHOD_MATCH = YES;
				"CODE_SIGN_IDENTITY[sdk=iphoneos*]" = "iPhone Developer";
				COPY_PHASE_STRIP = NO;
				DEBUG_INFORMATION_FORMAT = dwarf;
				ENABLE_STRICT_OBJC_MSGSEND = YES;
				ENABLE_TESTABILITY = YES;
				GCC_C_LANGUAGE_STANDARD = gnu99;
				GCC_DYNAMIC_NO_PIC = NO;
				GCC_NO_COMMON_BLOCKS = YES;
				GCC_OPTIMIZATION_LEVEL = 0;
				GCC_PREPROCESSOR_DEFINITIONS = (
					"DEBUG=1",
					"$(inherited)",
				);
				GCC_WARN_64_TO_32_BIT_CONVERSION = YES;
				GCC_WARN_ABOUT_RETURN_TYPE = YES_ERROR;
				GCC_WARN_UNDECLARED_SELECTOR = YES;
				GCC_WARN_UNINITIALIZED_AUTOS = YES_AGGRESSIVE;
				GCC_WARN_UNUSED_FUNCTION = YES;
				GCC_WARN_UNUSED_VARIABLE = YES;
				IPHONEOS_DEPLOYMENT_TARGET = 10.0;
				MTL_ENABLE_DEBUG_INFO = YES;
				ONLY_ACTIVE_ARCH = YES;
				SDKROOT = iphoneos;
				TARGETED_DEVICE_FAMILY = "1,2";
			};
			name = Debug;
		};
		84721E231DCC6F2E00014F87 /* Release */ = {
			isa = XCBuildConfiguration;
			buildSettings = {
				ALWAYS_SEARCH_USER_PATHS = NO;
				CLANG_ANALYZER_NONNULL = YES;
				CLANG_CXX_LANGUAGE_STANDARD = "gnu++0x";
				CLANG_CXX_LIBRARY = "libc++";
				CLANG_ENABLE_MODULES = YES;
				CLANG_ENABLE_OBJC_ARC = YES;
				CLANG_WARN_BOOL_CONVERSION = YES;
				CLANG_WARN_CONSTANT_CONVERSION = YES;
				CLANG_WARN_DIRECT_OBJC_ISA_USAGE = YES_ERROR;
				CLANG_WARN_DOCUMENTATION_COMMENTS = YES;
				CLANG_WARN_EMPTY_BODY = YES;
				CLANG_WARN_ENUM_CONVERSION = YES;
				CLANG_WARN_INFINITE_RECURSION = YES;
				CLANG_WARN_INT_CONVERSION = YES;
				CLANG_WARN_OBJC_ROOT_CLASS = YES_ERROR;
				CLANG_WARN_SUSPICIOUS_MOVES = YES;
				CLANG_WARN_UNREACHABLE_CODE = YES;
				CLANG_WARN__DUPLICATE_METHOD_MATCH = YES;
				"CODE_SIGN_IDENTITY[sdk=iphoneos*]" = "iPhone Developer";
				COPY_PHASE_STRIP = NO;
				DEBUG_INFORMATION_FORMAT = "dwarf-with-dsym";
				ENABLE_NS_ASSERTIONS = NO;
				ENABLE_STRICT_OBJC_MSGSEND = YES;
				GCC_C_LANGUAGE_STANDARD = gnu99;
				GCC_NO_COMMON_BLOCKS = YES;
				GCC_WARN_64_TO_32_BIT_CONVERSION = YES;
				GCC_WARN_ABOUT_RETURN_TYPE = YES_ERROR;
				GCC_WARN_UNDECLARED_SELECTOR = YES;
				GCC_WARN_UNINITIALIZED_AUTOS = YES_AGGRESSIVE;
				GCC_WARN_UNUSED_FUNCTION = YES;
				GCC_WARN_UNUSED_VARIABLE = YES;
				IPHONEOS_DEPLOYMENT_TARGET = 10.0;
				MTL_ENABLE_DEBUG_INFO = NO;
				SDKROOT = iphoneos;
				TARGETED_DEVICE_FAMILY = "1,2";
				VALIDATE_PRODUCT = YES;
			};
			name = Release;
		};
		84721E251DCC6F2E00014F87 /* Debug */ = {
			isa = XCBuildConfiguration;
			buildSettings = {
				ASSETCATALOG_COMPILER_APPICON_NAME = AppIcon;
				CLANG_ENABLE_MODULES = YES;
				DEVELOPMENT_TEAM = LE3554D3R2;
				INFOPLIST_FILE = MegaDownloadManager/Info.plist;
				IPHONEOS_DEPLOYMENT_TARGET = 9.3;
				LD_RUNPATH_SEARCH_PATHS = "$(inherited) @executable_path/Frameworks";
				PRODUCT_BUNDLE_IDENTIFIER = softgroup.MegaDownloadManager;
				PRODUCT_NAME = "$(TARGET_NAME)";
				SWIFT_OBJC_BRIDGING_HEADER = "MegaDownloadManager-Bridging-Header.h";
				SWIFT_OPTIMIZATION_LEVEL = "-Onone";
				SWIFT_VERSION = 3.0;
			};
			name = Debug;
		};
		84721E261DCC6F2E00014F87 /* Release */ = {
			isa = XCBuildConfiguration;
			buildSettings = {
				ASSETCATALOG_COMPILER_APPICON_NAME = AppIcon;
				CLANG_ENABLE_MODULES = YES;
				DEVELOPMENT_TEAM = LE3554D3R2;
				INFOPLIST_FILE = MegaDownloadManager/Info.plist;
				IPHONEOS_DEPLOYMENT_TARGET = 9.3;
				LD_RUNPATH_SEARCH_PATHS = "$(inherited) @executable_path/Frameworks";
				PRODUCT_BUNDLE_IDENTIFIER = softgroup.MegaDownloadManager;
				PRODUCT_NAME = "$(TARGET_NAME)";
				SWIFT_OBJC_BRIDGING_HEADER = "MegaDownloadManager-Bridging-Header.h";
				SWIFT_VERSION = 3.0;
			};
			name = Release;
		};
/* End XCBuildConfiguration section */

/* Begin XCConfigurationList section */
		84721E081DCC6F2E00014F87 /* Build configuration list for PBXProject "MegaDownloadManager" */ = {
			isa = XCConfigurationList;
			buildConfigurations = (
				84721E221DCC6F2E00014F87 /* Debug */,
				84721E231DCC6F2E00014F87 /* Release */,
			);
			defaultConfigurationIsVisible = 0;
			defaultConfigurationName = Release;
		};
		84721E241DCC6F2E00014F87 /* Build configuration list for PBXNativeTarget "MegaDownloadManager" */ = {
			isa = XCConfigurationList;
			buildConfigurations = (
				84721E251DCC6F2E00014F87 /* Debug */,
				84721E261DCC6F2E00014F87 /* Release */,
			);
			defaultConfigurationIsVisible = 0;
			defaultConfigurationName = Release;
		};
/* End XCConfigurationList section */

/* Begin XCVersionGroup section */
		84AD607D1DD9D68A00D8C912 /* Model.xcdatamodeld */ = {
			isa = XCVersionGroup;
			children = (
				84AD607E1DD9D68A00D8C912 /* Model.xcdatamodel */,
			);
			currentVersion = 84AD607E1DD9D68A00D8C912 /* Model.xcdatamodel */;
			path = Model.xcdatamodeld;
			sourceTree = "<group>";
			versionGroupType = wrapper.xcdatamodel;
		};
/* End XCVersionGroup section */
	};
	rootObject = 84721E051DCC6F2E00014F87 /* Project object */;
}
